
Microsoft Visual Studio Solution File, Format Version 12.00
# Visual Studio Version 17
VisualStudioVersion = 17.2.32616.157
MinimumVisualStudioVersion = 10.0.40219.1
Project("{FAE04EC0-301F-11D3-BF4B-00C04F79EFBC}") = "Standalone_PET", "Standalone_PET\Standalone_PET.csproj", "{1BFA86A0-AA90-41DC-B93B-DE90A1415A1A}"
EndProject
Global
	GlobalSection(SolutionConfigurationPlatforms) = preSolution
		Debug|Any CPU = Debug|Any CPU
		Release|Any CPU = Release|Any CPU
	EndGlobalSection
	GlobalSection(ProjectConfigurationPlatforms) = postSolution
		{1BFA86A0-AA90-41DC-B93B-DE90A1415A1A}.Debug|Any CPU.ActiveCfg = Debug|Any CPU
		{1BFA86A0-AA90-41DC-B93B-DE90A1415A1A}.Debug|Any CPU.Build.0 = Debug|Any CPU
		{1BFA86A0-AA90-41DC-B93B-DE90A1415A1A}.Release|Any CPU.ActiveCfg = Release|Any CPU
		{1BFA86A0-AA90-41DC-B93B-DE90A1415A1A}.Release|Any CPU.Build.0 = Release|Any CPU
	EndGlobalSection
	GlobalSection(SolutionProperties) = preSolution
		HideSolutionNode = FALSE
	EndGlobalSection
	GlobalSection(ExtensibilityGlobals) = postSolution
		SolutionGuid = {6B542207-81D0-4F7A-B9C8-D58A800B9CA0}
	EndGlobalSection
EndGlobal
